
Microsoft Visual Studio Solution File, Format Version 12.00
# Visual Studio Version 17
VisualStudioVersion = 17.10.34916.146
MinimumVisualStudioVersion = 10.0.40219.1
Project("{FAE04EC0-301F-11D3-BF4B-00C04F79EFBC}") = "HW_SP_6.0", "HW_SP_6.0.csproj", "{4B7641EC-0FAA-47B2-8677-5FA9487EFCBC}"
EndProject
Global
	GlobalSection(SolutionConfigurationPlatforms) = preSolution
		Debug|Any CPU = Debug|Any CPU
		Release|Any CPU = Release|Any CPU
	EndGlobalSection
	GlobalSection(ProjectConfigurationPlatforms) = postSolution
		{4B7641EC-0FAA-47B2-8677-5FA9487EFCBC}.Debug|Any CPU.ActiveCfg = Debug|Any CPU
		{4B7641EC-0FAA-47B2-8677-5FA9487EFCBC}.Debug|Any CPU.Build.0 = Debug|Any CPU
		{4B7641EC-0FAA-47B2-8677-5FA9487EFCBC}.Release|Any CPU.ActiveCfg = Release|Any CPU
		{4B7641EC-0FAA-47B2-8677-5FA9487EFCBC}.Release|Any CPU.Build.0 = Release|Any CPU
	EndGlobalSection
	GlobalSection(SolutionProperties) = preSolution
		HideSolutionNode = FALSE
	EndGlobalSection
	GlobalSection(ExtensibilityGlobals) = postSolution
		SolutionGuid = {0581B8F1-53A1-41A3-B3E6-AFE5074BF6D8}
	EndGlobalSection
EndGlobal
